{
  "version": 4,
  "terraform_version": "1.15.1",
  "serial": 29,
  "lineage": "db69954e-7b7b-0b35-6e7a-11cbb7aedd6d",
  "outputs": {},
  "resources": [
    {
      "mode": "data",
      "type": "aws_caller_identity",
      "name": "current",
      "provider": "provider[\"registry.terraform.io/hashicorp/aws\"]",
      "instances": [
        {
          "schema_version": 0,
          "attributes": {
            "account_id": "676005808259",
            "arn": "arn:aws:sts::676005808259:assumed-role/AWSReservedSSO_AdministratorAccess_813afd9b0b535156/admin",
            "id": "676005808259",
            "user_id": "AROAZ2ZIWBCB2ZKBGMR6E:admin"
          },
          "sensitive_attributes": [],
          "identity_schema_version": 0
        }
      ]
    },
    {
      "module": "module.github_runner",
      "mode": "data",
      "type": "aws_secretsmanager_secret",
      "name": "github_pat",
      "provider": "provider[\"registry.terraform.io/hashicorp/aws\"]",
      "instances": [
        {
          "schema_version": 0,
          "attributes": {
            "arn": "arn:aws:secretsmanager:us-east-1:676005808259:secret:GITHUB_RUNNERS_PUBLIC_KEY-aK3OeM",
            "description": "",
            "id": "arn:aws:secretsmanager:us-east-1:676005808259:secret:GITHUB_RUNNERS_PUBLIC_KEY-aK3OeM",
            "kms_key_id": "",
            "name": "GITHUB_RUNNERS_PUBLIC_KEY",
            "policy": "",
            "rotation_enabled": false,
            "rotation_lambda_arn": "",
            "rotation_rules": [],
            "tags": {}
          },
          "sensitive_attributes": [],
          "identity_schema_version": 0
        }
      ]
    },
    {
      "module": "module.github_runner",
      "mode": "data",
      "type": "aws_secretsmanager_secret_version",
      "name": "github_pat",
      "provider": "provider[\"registry.terraform.io/hashicorp/aws\"]",
      "instances": [
        {
          "schema_version": 0,
          "attributes": {
            "arn": "arn:aws:secretsmanager:us-east-1:676005808259:secret:GITHUB_RUNNERS_PUBLIC_KEY-aK3OeM",
            "id": "arn:aws:secretsmanager:us-east-1:676005808259:secret:GITHUB_RUNNERS_PUBLIC_KEY-aK3OeM|AWSCURRENT",
            "secret_binary": "",
            "secret_id": "arn:aws:secretsmanager:us-east-1:676005808259:secret:GITHUB_RUNNERS_PUBLIC_KEY-aK3OeM",
            "secret_string": "ssh-rsa AAAAB3NzaC1yc2EAAAADAQABAAACAQCzN/psxEyBzc0A0ABBkR6SvjE4cYVZ9+9npffVo6dAaObqeZVpydh6OSnvQEqLfw3KQiseFYtXsBejAkhb2EOzLrVDoVc0qM2rzMv0KhzHre6pLwuLFvzpg8jZQul+35i7HIYDOZKJ2Dd56vIAIpRvCe2sOTrDAszPwOpb4mpg4efWZZjxFx1DZ+nDNhjI+mWpO9hjpY91nxKYsCwg2iL/+lpdnoNi5Sdc2atnkU2ccB7xdVv/CHEaRMM+B5mkzUFU3REALR98d/edIZ/izT8OSmIV93eCOi0nOkwnKySZuA1GAjU9PGXYYXHoeF+LkRD4Di1C2oH6zn5vE0WW6cWlqP2kSrtVlYt0Lbg7aWEj3nZqtllK0WW+Z38ZAsANWc06XWLLmQZbDvwEMDwzBlx1QEivgMbi8TsITkriixS68arYekLZTfX37zyHQQnDSYD3CjEauuto2twvxfSs5ZgpBPbHBbaSwScBRVHRGoQfa3iiE0MPThYLn315cXs0zMJ4BlBD7RkmQC3bCuD545CDAQLW/m+6CyfDOtH2FK391kQmF2t/anp+syEVh+qf3qWvrq6WDYSr3ozPwyuL6hdSMfP/rUkQUMydTTUICzf6cZfFR2EW3pLUo8TNwGKmRgN7vWhY8w251EV/Pub9iVbZmxgVrq5sPhQ9RSEr8C605w== elioh@DESKTOP-PJ8FSFQ",
            "version_id": "7443af2c-543c-46d4-a918-8b8e712d4c30",
            "version_stage": "AWSCURRENT",
            "version_stages": [
              "AWSCURRENT"
            ]
          },
          "sensitive_attributes": [
            [
              {
                "type": "get_attr",
                "value": "secret_binary"
              }
            ],
            [
              {
                "type": "get_attr",
                "value": "secret_string"
              }
            ]
          ],
          "identity_schema_version": 0
        }
      ]
    },
    {
      "module": "module.github_runner",
      "mode": "data",
      "type": "aws_subnets",
      "name": "default",
      "provider": "provider[\"registry.terraform.io/hashicorp/aws\"]",
      "instances": [
        {
          "schema_version": 0,
          "attributes": {
            "filter": [
              {
                "name": "tag:Name",
                "values": [
                  "public-subnet"
                ]
              }
            ],
            "id": "us-east-1",
            "ids": [
              "subnet-072eb424eebedf6e9"
            ],
            "tags": null,
            "timeouts": null
          },
          "sensitive_attributes": [],
          "identity_schema_version": 0
        }
      ]
    },
    {
      "module": "module.github_runner",
      "mode": "data",
      "type": "aws_vpc",
      "name": "default",
      "provider": "provider[\"registry.terraform.io/hashicorp/aws\"]",
      "instances": [
        {
          "schema_version": 0,
          "attributes": {
            "arn": "arn:aws:ec2:us-east-1:676005808259:vpc/vpc-0af90fa3bf786b33d",
            "cidr_block": "172.31.0.0/16",
            "cidr_block_associations": [
              {
                "association_id": "vpc-cidr-assoc-0e7316e4ebc22dcb3",
                "cidr_block": "172.31.0.0/16",
                "state": "associated"
              }
            ],
            "default": true,
            "dhcp_options_id": "dopt-00a610752c95b558c",
            "enable_dns_hostnames": true,
            "enable_dns_support": true,
            "enable_network_address_usage_metrics": false,
            "filter": null,
            "id": "vpc-0af90fa3bf786b33d",
            "instance_tenancy": "default",
            "ipv6_association_id": "",
            "ipv6_cidr_block": "",
            "main_route_table_id": "rtb-0ec6c24060d997e6d",
            "owner_id": "676005808259",
            "state": null,
            "tags": {},
            "timeouts": null
          },
          "sensitive_attributes": [],
          "identity_schema_version": 0
        }
      ]
    },
    {
      "module": "module.github_runner",
      "mode": "managed",
      "type": "aws_instance",
      "name": "github_runner",
      "provider": "provider[\"registry.terraform.io/hashicorp/aws\"]",
      "instances": [
        {
          "index_key": 0,
          "schema_version": 1,
          "attributes": {
            "ami": "ami-0eb38b817b93460ac",
            "arn": "arn:aws:ec2:us-east-1:676005808259:instance/i-03bd53200747e0988",
            "associate_public_ip_address": false,
            "availability_zone": "us-east-1a",
            "capacity_reservation_specification": [
              {
                "capacity_reservation_preference": "open",
                "capacity_reservation_target": []
              }
            ],
            "cpu_core_count": 1,
            "cpu_options": [
              {
                "amd_sev_snp": "",
                "core_count": 1,
                "threads_per_core": 2
              }
            ],
            "cpu_threads_per_core": 2,
            "credit_specification": [
              {
                "cpu_credits": "unlimited"
              }
            ],
            "disable_api_stop": false,
            "disable_api_termination": false,
            "ebs_block_device": [],
            "ebs_optimized": false,
            "enclave_options": [
              {
                "enabled": false
              }
            ],
            "ephemeral_block_device": [],
            "get_password_data": false,
            "hibernation": false,
            "host_id": "",
            "host_resource_group_arn": null,
            "iam_instance_profile": "",
            "id": "i-03bd53200747e0988",
            "instance_initiated_shutdown_behavior": "stop",
            "instance_state": "running",
            "instance_type": "t3.medium",
            "ipv6_address_count": 0,
            "ipv6_addresses": [],
            "key_name": "github-runner-key",
            "launch_template": [],
            "maintenance_options": [
              {
                "auto_recovery": "default"
              }
            ],
            "metadata_options": [
              {
                "http_endpoint": "enabled",
                "http_put_response_hop_limit": 2,
                "http_tokens": "required",
                "instance_metadata_tags": "disabled"
              }
            ],
            "monitoring": false,
            "network_interface": [],
            "outpost_arn": "",
            "password_data": "",
            "placement_group": "",
            "placement_partition_number": 0,
            "primary_network_interface_id": "eni-0b029f54de1f01884",
            "private_dns": "ip-172-31-55-148.ec2.internal",
            "private_dns_name_options": [
              {
                "enable_resource_name_dns_a_record": false,
                "enable_resource_name_dns_aaaa_record": false,
                "hostname_type": "ip-name"
              }
            ],
            "private_ip": "172.31.55.148",
            "public_dns": "",
            "public_ip": "",
            "root_block_device": [
              {
                "delete_on_termination": true,
                "device_name": "/dev/xvda",
                "encrypted": false,
                "iops": 3000,
                "kms_key_id": "",
                "tags": {},
                "throughput": 125,
                "volume_id": "vol-09f90096673130b60",
                "volume_size": 8,
                "volume_type": "gp3"
              }
            ],
            "secondary_private_ips": [],
            "security_groups": [
              "github-runner-sg"
            ],
            "source_dest_check": true,
            "subnet_id": "subnet-072eb424eebedf6e9",
            "tags": {
              "Name": "GitHub Runner"
            },
            "tags_all": {
              "Name": "GitHub Runner"
            },
            "tenancy": "default",
            "timeouts": null,
            "user_data": "c2274714c6240d5b2382b003001c7df451a66724",
            "user_data_base64": null,
            "user_data_replace_on_change": false,
            "volume_tags": null,
            "vpc_security_group_ids": [
              "sg-05cb039c2ba17db54"
            ]
          },
          "sensitive_attributes": [
            [
              {
                "type": "get_attr",
                "value": "user_data"
              }
            ]
          ],
          "identity_schema_version": 0,
          "private": "eyJlMmJmYjczMC1lY2FhLTExZTYtOGY4OC0zNDM2M2JjN2M0YzAiOnsiY3JlYXRlIjo2MDAwMDAwMDAwMDAsImRlbGV0ZSI6MTIwMDAwMDAwMDAwMCwidXBkYXRlIjo2MDAwMDAwMDAwMDB9LCJzY2hlbWFfdmVyc2lvbiI6IjEifQ==",
          "dependencies": [
            "module.github_runner.aws_key_pair.github_runner_key",
            "module.github_runner.data.aws_secretsmanager_secret.github_pat",
            "module.github_runner.data.aws_secretsmanager_secret_version.github_pat",
            "module.github_runner.data.aws_subnets.default",
            "module.network.aws_security_group.github_runner_sg",
            "module.network.data.aws_vpc.default"
          ]
        },
        {
          "index_key": 1,
          "schema_version": 1,
          "attributes": {
            "ami": "ami-0eb38b817b93460ac",
            "arn": "arn:aws:ec2:us-east-1:676005808259:instance/i-00ef77cfdebea6c39",
            "associate_public_ip_address": false,
            "availability_zone": "us-east-1a",
            "capacity_reservation_specification": [
              {
                "capacity_reservation_preference": "open",
                "capacity_reservation_target": []
              }
            ],
            "cpu_core_count": 1,
            "cpu_options": [
              {
                "amd_sev_snp": "",
                "core_count": 1,
                "threads_per_core": 2
              }
            ],
            "cpu_threads_per_core": 2,
            "credit_specification": [
              {
                "cpu_credits": "unlimited"
              }
            ],
            "disable_api_stop": false,
            "disable_api_termination": false,
            "ebs_block_device": [],
            "ebs_optimized": false,
            "enclave_options": [
              {
                "enabled": false
              }
            ],
            "ephemeral_block_device": [],
            "get_password_data": false,
            "hibernation": false,
            "host_id": "",
            "host_resource_group_arn": null,
            "iam_instance_profile": "",
            "id": "i-00ef77cfdebea6c39",
            "instance_initiated_shutdown_behavior": "stop",
            "instance_state": "running",
            "instance_type": "t3.medium",
            "ipv6_address_count": 0,
            "ipv6_addresses": [],
            "key_name": "github-runner-key",
            "launch_template": [],
            "maintenance_options": [
              {
                "auto_recovery": "default"
              }
            ],
            "metadata_options": [
              {
                "http_endpoint": "enabled",
                "http_put_response_hop_limit": 2,
                "http_tokens": "required",
                "instance_metadata_tags": "disabled"
              }
            ],
            "monitoring": false,
            "network_interface": [],
            "outpost_arn": "",
            "password_data": "",
            "placement_group": "",
            "placement_partition_number": 0,
            "primary_network_interface_id": "eni-047c0fa919b8d3998",
            "private_dns": "ip-172-31-48-255.ec2.internal",
            "private_dns_name_options": [
              {
                "enable_resource_name_dns_a_record": false,
                "enable_resource_name_dns_aaaa_record": false,
                "hostname_type": "ip-name"
              }
            ],
            "private_ip": "172.31.48.255",
            "public_dns": "",
            "public_ip": "",
            "root_block_device": [
              {
                "delete_on_termination": true,
                "device_name": "/dev/xvda",
                "encrypted": false,
                "iops": 3000,
                "kms_key_id": "",
                "tags": {},
                "throughput": 125,
                "volume_id": "vol-0f8e97ddc9bf8fc8f",
                "volume_size": 8,
                "volume_type": "gp3"
              }
            ],
            "secondary_private_ips": [],
            "security_groups": [
              "github-runner-sg"
            ],
            "source_dest_check": true,
            "subnet_id": "subnet-072eb424eebedf6e9",
            "tags": {
              "Name": "GitHub Runner"
            },
            "tags_all": {
              "Name": "GitHub Runner"
            },
            "tenancy": "default",
            "timeouts": null,
            "user_data": "c2274714c6240d5b2382b003001c7df451a66724",
            "user_data_base64": null,
            "user_data_replace_on_change": false,
            "volume_tags": null,
            "vpc_security_group_ids": [
              "sg-05cb039c2ba17db54"
            ]
          },
          "sensitive_attributes": [
            [
              {
                "type": "get_attr",
                "value": "user_data"
              }
            ]
          ],
          "identity_schema_version": 0,
          "private": "eyJlMmJmYjczMC1lY2FhLTExZTYtOGY4OC0zNDM2M2JjN2M0YzAiOnsiY3JlYXRlIjo2MDAwMDAwMDAwMDAsImRlbGV0ZSI6MTIwMDAwMDAwMDAwMCwidXBkYXRlIjo2MDAwMDAwMDAwMDB9LCJzY2hlbWFfdmVyc2lvbiI6IjEifQ==",
          "dependencies": [
            "module.github_runner.aws_key_pair.github_runner_key",
            "module.github_runner.data.aws_secretsmanager_secret.github_pat",
            "module.github_runner.data.aws_secretsmanager_secret_version.github_pat",
            "module.github_runner.data.aws_subnets.default",
            "module.network.aws_security_group.github_runner_sg",
            "module.network.data.aws_vpc.default"
          ]
        },
        {
          "index_key": 2,
          "schema_version": 1,
          "attributes": {
            "ami": "ami-0eb38b817b93460ac",
            "arn": "arn:aws:ec2:us-east-1:676005808259:instance/i-085bb2672a07b08a7",
            "associate_public_ip_address": false,
            "availability_zone": "us-east-1a",
            "capacity_reservation_specification": [
              {
                "capacity_reservation_preference": "open",
                "capacity_reservation_target": []
              }
            ],
            "cpu_core_count": 1,
            "cpu_options": [
              {
                "amd_sev_snp": "",
                "core_count": 1,
                "threads_per_core": 2
              }
            ],
            "cpu_threads_per_core": 2,
            "credit_specification": [
              {
                "cpu_credits": "unlimited"
              }
            ],
            "disable_api_stop": false,
            "disable_api_termination": false,
            "ebs_block_device": [],
            "ebs_optimized": false,
            "enclave_options": [
              {
                "enabled": false
              }
            ],
            "ephemeral_block_device": [],
            "get_password_data": false,
            "hibernation": false,
            "host_id": "",
            "host_resource_group_arn": null,
            "iam_instance_profile": "",
            "id": "i-085bb2672a07b08a7",
            "instance_initiated_shutdown_behavior": "stop",
            "instance_state": "running",
            "instance_type": "t3.medium",
            "ipv6_address_count": 0,
            "ipv6_addresses": [],
            "key_name": "github-runner-key",
            "launch_template": [],
            "maintenance_options": [
              {
                "auto_recovery": "default"
              }
            ],
            "metadata_options": [
              {
                "http_endpoint": "enabled",
                "http_put_response_hop_limit": 2,
                "http_tokens": "required",
                "instance_metadata_tags": "disabled"
              }
            ],
            "monitoring": false,
            "network_interface": [],
            "outpost_arn": "",
            "password_data": "",
            "placement_group": "",
            "placement_partition_number": 0,
            "primary_network_interface_id": "eni-0b5d0678174a4f959",
            "private_dns": "ip-172-31-60-175.ec2.internal",
            "private_dns_name_options": [
              {
                "enable_resource_name_dns_a_record": false,
                "enable_resource_name_dns_aaaa_record": false,
                "hostname_type": "ip-name"
              }
            ],
            "private_ip": "172.31.60.175",
            "public_dns": "",
            "public_ip": "",
            "root_block_device": [
              {
                "delete_on_termination": true,
                "device_name": "/dev/xvda",
                "encrypted": false,
                "iops": 3000,
                "kms_key_id": "",
                "tags": {},
                "throughput": 125,
                "volume_id": "vol-035f93208cd5b7228",
                "volume_size": 8,
                "volume_type": "gp3"
              }
            ],
            "secondary_private_ips": [],
            "security_groups": [
              "github-runner-sg"
            ],
            "source_dest_check": true,
            "subnet_id": "subnet-072eb424eebedf6e9",
            "tags": {
              "Name": "GitHub Runner"
            },
            "tags_all": {
              "Name": "GitHub Runner"
            },
            "tenancy": "default",
            "timeouts": null,
            "user_data": "c2274714c6240d5b2382b003001c7df451a66724",
            "user_data_base64": null,
            "user_data_replace_on_change": false,
            "volume_tags": null,
            "vpc_security_group_ids": [
              "sg-05cb039c2ba17db54"
            ]
          },
          "sensitive_attributes": [
            [
              {
                "type": "get_attr",
                "value": "user_data"
              }
            ]
          ],
          "identity_schema_version": 0,
          "private": "eyJlMmJmYjczMC1lY2FhLTExZTYtOGY4OC0zNDM2M2JjN2M0YzAiOnsiY3JlYXRlIjo2MDAwMDAwMDAwMDAsImRlbGV0ZSI6MTIwMDAwMDAwMDAwMCwidXBkYXRlIjo2MDAwMDAwMDAwMDB9LCJzY2hlbWFfdmVyc2lvbiI6IjEifQ==",
          "dependencies": [
            "module.github_runner.aws_key_pair.github_runner_key",
            "module.github_runner.data.aws_secretsmanager_secret.github_pat",
            "module.github_runner.data.aws_secretsmanager_secret_version.github_pat",
            "module.github_runner.data.aws_subnets.default",
            "module.network.aws_security_group.github_runner_sg",
            "module.network.data.aws_vpc.default"
          ]
        },
        {
          "index_key": 3,
          "schema_version": 1,
          "attributes": {
            "ami": "ami-0eb38b817b93460ac",
            "arn": "arn:aws:ec2:us-east-1:676005808259:instance/i-09877743d316daef6",
            "associate_public_ip_address": false,
            "availability_zone": "us-east-1a",
            "capacity_reservation_specification": [
              {
                "capacity_reservation_preference": "open",
                "capacity_reservation_target": []
              }
            ],
            "cpu_core_count": 1,
            "cpu_options": [
              {
                "amd_sev_snp": "",
                "core_count": 1,
                "threads_per_core": 2
              }
            ],
            "cpu_threads_per_core": 2,
            "credit_specification": [
              {
                "cpu_credits": "unlimited"
              }
            ],
            "disable_api_stop": false,
            "disable_api_termination": false,
            "ebs_block_device": [],
            "ebs_optimized": false,
            "enclave_options": [
              {
                "enabled": false
              }
            ],
            "ephemeral_block_device": [],
            "get_password_data": false,
            "hibernation": false,
            "host_id": "",
            "host_resource_group_arn": null,
            "iam_instance_profile": "",
            "id": "i-09877743d316daef6",
            "instance_initiated_shutdown_behavior": "stop",
            "instance_state": "running",
            "instance_type": "t3.medium",
            "ipv6_address_count": 0,
            "ipv6_addresses": [],
            "key_name": "github-runner-key",
            "launch_template": [],
            "maintenance_options": [
              {
                "auto_recovery": "default"
              }
            ],
            "metadata_options": [
              {
                "http_endpoint": "enabled",
                "http_put_response_hop_limit": 2,
                "http_tokens": "required",
                "instance_metadata_tags": "disabled"
              }
            ],
            "monitoring": false,
            "network_interface": [],
            "outpost_arn": "",
            "password_data": "",
            "placement_group": "",
            "placement_partition_number": 0,
            "primary_network_interface_id": "eni-09f71742a30a3a211",
            "private_dns": "ip-172-31-59-164.ec2.internal",
            "private_dns_name_options": [
              {
                "enable_resource_name_dns_a_record": false,
                "enable_resource_name_dns_aaaa_record": false,
                "hostname_type": "ip-name"
              }
            ],
            "private_ip": "172.31.59.164",
            "public_dns": "",
            "public_ip": "",
            "root_block_device": [
              {
                "delete_on_termination": true,
                "device_name": "/dev/xvda",
                "encrypted": false,
                "iops": 3000,
                "kms_key_id": "",
                "tags": {},
                "throughput": 125,
                "volume_id": "vol-0848012ade3319d83",
                "volume_size": 8,
                "volume_type": "gp3"
              }
            ],
            "secondary_private_ips": [],
            "security_groups": [
              "github-runner-sg"
            ],
            "source_dest_check": true,
            "subnet_id": "subnet-072eb424eebedf6e9",
            "tags": {
              "Name": "GitHub Runner"
            },
            "tags_all": {
              "Name": "GitHub Runner"
            },
            "tenancy": "default",
            "timeouts": null,
            "user_data": "c2274714c6240d5b2382b003001c7df451a66724",
            "user_data_base64": null,
            "user_data_replace_on_change": false,
            "volume_tags": null,
            "vpc_security_group_ids": [
              "sg-05cb039c2ba17db54"
            ]
          },
          "sensitive_attributes": [
            [
              {
                "type": "get_attr",
                "value": "user_data"
              }
            ]
          ],
          "identity_schema_version": 0,
          "private": "eyJlMmJmYjczMC1lY2FhLTExZTYtOGY4OC0zNDM2M2JjN2M0YzAiOnsiY3JlYXRlIjo2MDAwMDAwMDAwMDAsImRlbGV0ZSI6MTIwMDAwMDAwMDAwMCwidXBkYXRlIjo2MDAwMDAwMDAwMDB9LCJzY2hlbWFfdmVyc2lvbiI6IjEifQ==",
          "dependencies": [
            "module.github_runner.aws_key_pair.github_runner_key",
            "module.github_runner.data.aws_secretsmanager_secret.github_pat",
            "module.github_runner.data.aws_secretsmanager_secret_version.github_pat",
            "module.github_runner.data.aws_subnets.default",
            "module.network.aws_security_group.github_runner_sg",
            "module.network.data.aws_vpc.default"
          ]
        },
        {
          "index_key": 4,
          "schema_version": 1,
          "attributes": {
            "ami": "ami-0eb38b817b93460ac",
            "arn": "arn:aws:ec2:us-east-1:676005808259:instance/i-015b98211c7eeab97",
            "associate_public_ip_address": false,
            "availability_zone": "us-east-1a",
            "capacity_reservation_specification": [
              {
                "capacity_reservation_preference": "open",
                "capacity_reservation_target": []
              }
            ],
            "cpu_core_count": 1,
            "cpu_options": [
              {
                "amd_sev_snp": "",
                "core_count": 1,
                "threads_per_core": 2
              }
            ],
            "cpu_threads_per_core": 2,
            "credit_specification": [
              {
                "cpu_credits": "unlimited"
              }
            ],
            "disable_api_stop": false,
            "disable_api_termination": false,
            "ebs_block_device": [],
            "ebs_optimized": false,
            "enclave_options": [
              {
                "enabled": false
              }
            ],
            "ephemeral_block_device": [],
            "get_password_data": false,
            "hibernation": false,
            "host_id": "",
            "host_resource_group_arn": null,
            "iam_instance_profile": "",
            "id": "i-015b98211c7eeab97",
            "instance_initiated_shutdown_behavior": "stop",
            "instance_state": "running",
            "instance_type": "t3.medium",
            "ipv6_address_count": 0,
            "ipv6_addresses": [],
            "key_name": "github-runner-key",
            "launch_template": [],
            "maintenance_options": [
              {
                "auto_recovery": "default"
              }
            ],
            "metadata_options": [
              {
                "http_endpoint": "enabled",
                "http_put_response_hop_limit": 2,
                "http_tokens": "required",
                "instance_metadata_tags": "disabled"
              }
            ],
            "monitoring": false,
            "network_interface": [],
            "outpost_arn": "",
            "password_data": "",
            "placement_group": "",
            "placement_partition_number": 0,
            "primary_network_interface_id": "eni-0052d159eea75e4df",
            "private_dns": "ip-172-31-59-33.ec2.internal",
            "private_dns_name_options": [
              {
                "enable_resource_name_dns_a_record": false,
                "enable_resource_name_dns_aaaa_record": false,
                "hostname_type": "ip-name"
              }
            ],
            "private_ip": "172.31.59.33",
            "public_dns": "",
            "public_ip": "",
            "root_block_device": [
              {
                "delete_on_termination": true,
                "device_name": "/dev/xvda",
                "encrypted": false,
                "iops": 3000,
                "kms_key_id": "",
                "tags": {},
                "throughput": 125,
                "volume_id": "vol-0dbbbd4ea1d70d7a6",
                "volume_size": 8,
                "volume_type": "gp3"
              }
            ],
            "secondary_private_ips": [],
            "security_groups": [
              "github-runner-sg"
            ],
            "source_dest_check": true,
            "subnet_id": "subnet-072eb424eebedf6e9",
            "tags": {
              "Name": "GitHub Runner"
            },
            "tags_all": {
              "Name": "GitHub Runner"
            },
            "tenancy": "default",
            "timeouts": null,
            "user_data": "c2274714c6240d5b2382b003001c7df451a66724",
            "user_data_base64": null,
            "user_data_replace_on_change": false,
            "volume_tags": null,
            "vpc_security_group_ids": [
              "sg-05cb039c2ba17db54"
            ]
          },
          "sensitive_attributes": [
            [
              {
                "type": "get_attr",
                "value": "user_data"
              }
            ]
          ],
          "identity_schema_version": 0,
          "private": "eyJlMmJmYjczMC1lY2FhLTExZTYtOGY4OC0zNDM2M2JjN2M0YzAiOnsiY3JlYXRlIjo2MDAwMDAwMDAwMDAsImRlbGV0ZSI6MTIwMDAwMDAwMDAwMCwidXBkYXRlIjo2MDAwMDAwMDAwMDB9LCJzY2hlbWFfdmVyc2lvbiI6IjEifQ==",
          "dependencies": [
            "module.github_runner.aws_key_pair.github_runner_key",
            "module.github_runner.data.aws_secretsmanager_secret.github_pat",
            "module.github_runner.data.aws_secretsmanager_secret_version.github_pat",
            "module.github_runner.data.aws_subnets.default",
            "module.network.aws_security_group.github_runner_sg",
            "module.network.data.aws_vpc.default"
          ]
        }
      ]
    },
    {
      "module": "module.github_runner",
      "mode": "managed",
      "type": "aws_key_pair",
      "name": "github_runner_key",
      "provider": "provider[\"registry.terraform.io/hashicorp/aws\"]",
      "instances": [
        {
          "schema_version": 1,
          "attributes": {
            "arn": "arn:aws:ec2:us-east-1:676005808259:key-pair/github-runner-key",
            "fingerprint": "b1:34:a4:eb:0a:2c:19:00:30:58:61:9d:74:6f:aa:a7",
            "id": "github-runner-key",
            "key_name": "github-runner-key",
            "key_name_prefix": "",
            "key_pair_id": "key-0c7f650e74014522e",
            "key_type": "rsa",
            "public_key": "ssh-rsa AAAAB3NzaC1yc2EAAAADAQABAAACAQCzN/psxEyBzc0A0ABBkR6SvjE4cYVZ9+9npffVo6dAaObqeZVpydh6OSnvQEqLfw3KQiseFYtXsBejAkhb2EOzLrVDoVc0qM2rzMv0KhzHre6pLwuLFvzpg8jZQul+35i7HIYDOZKJ2Dd56vIAIpRvCe2sOTrDAszPwOpb4mpg4efWZZjxFx1DZ+nDNhjI+mWpO9hjpY91nxKYsCwg2iL/+lpdnoNi5Sdc2atnkU2ccB7xdVv/CHEaRMM+B5mkzUFU3REALR98d/edIZ/izT8OSmIV93eCOi0nOkwnKySZuA1GAjU9PGXYYXHoeF+LkRD4Di1C2oH6zn5vE0WW6cWlqP2kSrtVlYt0Lbg7aWEj3nZqtllK0WW+Z38ZAsANWc06XWLLmQZbDvwEMDwzBlx1QEivgMbi8TsITkriixS68arYekLZTfX37zyHQQnDSYD3CjEauuto2twvxfSs5ZgpBPbHBbaSwScBRVHRGoQfa3iiE0MPThYLn315cXs0zMJ4BlBD7RkmQC3bCuD545CDAQLW/m+6CyfDOtH2FK391kQmF2t/anp+syEVh+qf3qWvrq6WDYSr3ozPwyuL6hdSMfP/rUkQUMydTTUICzf6cZfFR2EW3pLUo8TNwGKmRgN7vWhY8w251EV/Pub9iVbZmxgVrq5sPhQ9RSEr8C605w== elioh@DESKTOP-PJ8FSFQ",
            "tags": {},
            "tags_all": {}
          },
          "sensitive_attributes": [
            [
              {
                "type": "get_attr",
                "value": "public_key"
              }
            ]
          ],
          "identity_schema_version": 0,
          "private": "eyJzY2hlbWFfdmVyc2lvbiI6IjEifQ==",
          "dependencies": [
            "module.github_runner.data.aws_secretsmanager_secret.github_pat",
            "module.github_runner.data.aws_secretsmanager_secret_version.github_pat"
          ]
        }
      ]
    },
    {
      "module": "module.network",
      "mode": "data",
      "type": "aws_subnets",
      "name": "default",
      "provider": "provider[\"registry.terraform.io/hashicorp/aws\"]",
      "instances": [
        {
          "schema_version": 0,
          "attributes": {
            "filter": [
              {
                "name": "tag:Name",
                "values": [
                  "public-subnet"
                ]
              }
            ],
            "id": "us-east-1",
            "ids": [
              "subnet-072eb424eebedf6e9"
            ],
            "tags": null,
            "timeouts": null
          },
          "sensitive_attributes": [],
          "identity_schema_version": 0
        }
      ]
    },
    {
      "module": "module.network",
      "mode": "data",
      "type": "aws_vpc",
      "name": "default",
      "provider": "provider[\"registry.terraform.io/hashicorp/aws\"]",
      "instances": [
        {
          "schema_version": 0,
          "attributes": {
            "arn": "arn:aws:ec2:us-east-1:676005808259:vpc/vpc-0af90fa3bf786b33d",
            "cidr_block": "172.31.0.0/16",
            "cidr_block_associations": [
              {
                "association_id": "vpc-cidr-assoc-0e7316e4ebc22dcb3",
                "cidr_block": "172.31.0.0/16",
                "state": "associated"
              }
            ],
            "default": true,
            "dhcp_options_id": "dopt-00a610752c95b558c",
            "enable_dns_hostnames": true,
            "enable_dns_support": true,
            "enable_network_address_usage_metrics": false,
            "filter": null,
            "id": "vpc-0af90fa3bf786b33d",
            "instance_tenancy": "default",
            "ipv6_association_id": "",
            "ipv6_cidr_block": "",
            "main_route_table_id": "rtb-0ec6c24060d997e6d",
            "owner_id": "676005808259",
            "state": null,
            "tags": {},
            "timeouts": null
          },
          "sensitive_attributes": [],
          "identity_schema_version": 0
        }
      ]
    },
    {
      "module": "module.network",
      "mode": "managed",
      "type": "aws_security_group",
      "name": "github_runner_sg",
      "provider": "provider[\"registry.terraform.io/hashicorp/aws\"]",
      "instances": [
        {
          "schema_version": 1,
          "attributes": {
            "arn": "arn:aws:ec2:us-east-1:676005808259:security-group/sg-05cb039c2ba17db54",
            "description": "Security group for GitHub Runner",
            "egress": [
              {
                "cidr_blocks": [
                  "0.0.0.0/0"
                ],
                "description": "",
                "from_port": 0,
                "ipv6_cidr_blocks": [],
                "prefix_list_ids": [],
                "protocol": "-1",
                "security_groups": [],
                "self": false,
                "to_port": 0
              }
            ],
            "id": "sg-05cb039c2ba17db54",
            "ingress": [
              {
                "cidr_blocks": [
                  "0.0.0.0/0"
                ],
                "description": "",
                "from_port": 0,
                "ipv6_cidr_blocks": [],
                "prefix_list_ids": [],
                "protocol": "tcp",
                "security_groups": [],
                "self": false,
                "to_port": 9000
              }
            ],
            "name": "github-runner-sg",
            "name_prefix": "",
            "owner_id": "676005808259",
            "revoke_rules_on_delete": false,
            "tags": {},
            "tags_all": {},
            "timeouts": null,
            "vpc_id": "vpc-0af90fa3bf786b33d"
          },
          "sensitive_attributes": [],
          "identity_schema_version": 0,
          "private": "eyJlMmJmYjczMC1lY2FhLTExZTYtOGY4OC0zNDM2M2JjN2M0YzAiOnsiY3JlYXRlIjo2MDAwMDAwMDAwMDAsImRlbGV0ZSI6OTAwMDAwMDAwMDAwfSwic2NoZW1hX3ZlcnNpb24iOiIxIn0=",
          "dependencies": [
            "module.network.data.aws_vpc.default"
          ]
        }
      ]
    },
    {
      "module": "module.network",
      "mode": "managed",
      "type": "aws_vpc_security_group_egress_rule",
      "name": "ec2_allow_all_outbound",
      "provider": "provider[\"registry.terraform.io/hashicorp/aws\"]",
      "instances": [
        {
          "schema_version": 0,
          "attributes": {
            "arn": "arn:aws:ec2:us-east-1:676005808259:security-group-rule/sgr-0a96020289ee89978",
            "cidr_ipv4": "0.0.0.0/0",
            "cidr_ipv6": null,
            "description": null,
            "from_port": null,
            "id": "sgr-0a96020289ee89978",
            "ip_protocol": "-1",
            "prefix_list_id": null,
            "referenced_security_group_id": null,
            "security_group_id": "sg-05cb039c2ba17db54",
            "security_group_rule_id": "sgr-0a96020289ee89978",
            "tags": null,
            "tags_all": {},
            "to_port": null
          },
          "sensitive_attributes": [],
          "identity_schema_version": 0,
          "dependencies": [
            "module.network.aws_security_group.github_runner_sg",
            "module.network.data.aws_vpc.default"
          ]
        }
      ]
    },
    {
      "module": "module.network",
      "mode": "managed",
      "type": "aws_vpc_security_group_ingress_rule",
      "name": "allow_ssh",
      "provider": "provider[\"registry.terraform.io/hashicorp/aws\"]",
      "instances": [
        {
          "schema_version": 0,
          "attributes": {
            "arn": "arn:aws:ec2:us-east-1:676005808259:security-group-rule/sgr-0b7f2289e53c793ca",
            "cidr_ipv4": "0.0.0.0/0",
            "cidr_ipv6": null,
            "description": null,
            "from_port": 22,
            "id": "sgr-0b7f2289e53c793ca",
            "ip_protocol": "tcp",
            "prefix_list_id": null,
            "referenced_security_group_id": null,
            "security_group_id": "sg-05cb039c2ba17db54",
            "security_group_rule_id": "sgr-0b7f2289e53c793ca",
            "tags": null,
            "tags_all": {},
            "to_port": 22
          },
          "sensitive_attributes": [],
          "identity_schema_version": 0,
          "dependencies": [
            "module.network.aws_security_group.github_runner_sg",
            "module.network.data.aws_vpc.default"
          ]
        }
      ]
    }
  ],
  "check_results": null
}
